
Microsoft Visual Studio Solution File, Format Version 12.00
# Visual Studio 15
VisualStudioVersion = 15.0.28010.2041
MinimumVisualStudioVersion = 10.0.40219.1
Project("{F184B08F-C81C-45F6-A57F-5ABD9991F28F}") = "WebApplication4", "WebApplication4\WebApplication4.vbproj", "{A834084E-0C38-4C2F-B7C6-974AC2EB125A}"
EndProject
Global
	GlobalSection(SolutionConfigurationPlatforms) = preSolution
		Debug|Any CPU = Debug|Any CPU
		Release|Any CPU = Release|Any CPU
	EndGlobalSection
	GlobalSection(ProjectConfigurationPlatforms) = postSolution
		{A834084E-0C38-4C2F-B7C6-974AC2EB125A}.Debug|Any CPU.ActiveCfg = Debug|Any CPU
		{A834084E-0C38-4C2F-B7C6-974AC2EB125A}.Debug|Any CPU.Build.0 = Debug|Any CPU
		{A834084E-0C38-4C2F-B7C6-974AC2EB125A}.Release|Any CPU.ActiveCfg = Release|Any CPU
		{A834084E-0C38-4C2F-B7C6-974AC2EB125A}.Release|Any CPU.Build.0 = Release|Any CPU
	EndGlobalSection
	GlobalSection(SolutionProperties) = preSolution
		HideSolutionNode = FALSE
	EndGlobalSection
	GlobalSection(ExtensibilityGlobals) = postSolution
		SolutionGuid = {E82A48D6-4C44-4F28-A8AB-94DBCBB17D36}
	EndGlobalSection
EndGlobal
